
Microsoft Visual Studio Solution File, Format Version 12.00
# Visual Studio 15
VisualStudioVersion = 15.0.27004.2009
MinimumVisualStudioVersion = 10.0.40219.1
Project("{888888A0-9F3D-457C-B088-3A5042F75D52}") = "datascience", "datascience.pyproj", "{DD15A698-DBE1-4565-92AA-654DA04D9510}"
EndProject
Global
	GlobalSection(SolutionConfigurationPlatforms) = preSolution
		Debug|Any CPU = Debug|Any CPU
		Release|Any CPU = Release|Any CPU
	EndGlobalSection
	GlobalSection(ProjectConfigurationPlatforms) = postSolution
		{DD15A698-DBE1-4565-92AA-654DA04D9510}.Debug|Any CPU.ActiveCfg = Debug|Any CPU
		{DD15A698-DBE1-4565-92AA-654DA04D9510}.Release|Any CPU.ActiveCfg = Release|Any CPU
	EndGlobalSection
	GlobalSection(SolutionProperties) = preSolution
		HideSolutionNode = FALSE
	EndGlobalSection
	GlobalSection(ExtensibilityGlobals) = postSolution
		SolutionGuid = {EA7E836B-3AF6-4C53-AC8E-4DE0A5470925}
	EndGlobalSection
EndGlobal
